
Microsoft Visual Studio Solution File, Format Version 12.00
# Visual Studio Version 16
VisualStudioVersion = 16.0.29215.179
MinimumVisualStudioVersion = 10.0.40219.1
Project("{9A19103F-16F7-4668-BE54-9A1E7A4F7556}") = "FF8R-Tools", "UI\FF8R-Tools.csproj", "{5D062E80-DFAF-478C-811A-2FAAAB35EBA1}"
EndProject
Global
	GlobalSection(SolutionConfigurationPlatforms) = preSolution
		Debug|Any CPU = Debug|Any CPU
		Release|Any CPU = Release|Any CPU
	EndGlobalSection
	GlobalSection(ProjectConfigurationPlatforms) = postSolution
		{5D062E80-DFAF-478C-811A-2FAAAB35EBA1}.Debug|Any CPU.ActiveCfg = Debug|Any CPU
		{5D062E80-DFAF-478C-811A-2FAAAB35EBA1}.Debug|Any CPU.Build.0 = Debug|Any CPU
		{5D062E80-DFAF-478C-811A-2FAAAB35EBA1}.Release|Any CPU.ActiveCfg = Release|Any CPU
		{5D062E80-DFAF-478C-811A-2FAAAB35EBA1}.Release|Any CPU.Build.0 = Release|Any CPU
	EndGlobalSection
	GlobalSection(SolutionProperties) = preSolution
		HideSolutionNode = FALSE
	EndGlobalSection
	GlobalSection(ExtensibilityGlobals) = postSolution
		SolutionGuid = {6E8FD514-F929-45FC-9C92-E4FA436D62A9}
	EndGlobalSection
EndGlobal
